
Microsoft Visual Studio Solution File, Format Version 12.00
# Visual Studio Version 17
VisualStudioVersion = 17.2.32630.192
MinimumVisualStudioVersion = 10.0.40219.1
Project("{FAE04EC0-301F-11D3-BF4B-00C04F79EFBC}") = "TRIS", "TRIS.csproj", "{4EAE1854-A38E-4295-BA32-A9041E2DDE9E}"
EndProject
Global
	GlobalSection(SolutionConfigurationPlatforms) = preSolution
		Debug|Any CPU = Debug|Any CPU
		Release|Any CPU = Release|Any CPU
	EndGlobalSection
	GlobalSection(ProjectConfigurationPlatforms) = postSolution
		{4EAE1854-A38E-4295-BA32-A9041E2DDE9E}.Debug|Any CPU.ActiveCfg = Debug|Any CPU
		{4EAE1854-A38E-4295-BA32-A9041E2DDE9E}.Debug|Any CPU.Build.0 = Debug|Any CPU
		{4EAE1854-A38E-4295-BA32-A9041E2DDE9E}.Release|Any CPU.ActiveCfg = Release|Any CPU
		{4EAE1854-A38E-4295-BA32-A9041E2DDE9E}.Release|Any CPU.Build.0 = Release|Any CPU
	EndGlobalSection
	GlobalSection(SolutionProperties) = preSolution
		HideSolutionNode = FALSE
	EndGlobalSection
	GlobalSection(ExtensibilityGlobals) = postSolution
		SolutionGuid = {4F4289AA-B614-40E6-96E0-7B566BE87F47}
	EndGlobalSection
EndGlobal
